
Microsoft Visual Studio Solution File, Format Version 12.00
# Visual Studio 15
VisualStudioVersion = 15.0.27703.2047
MinimumVisualStudioVersion = 10.0.40219.1
Project("{6EC3EE1D-3C4E-46DD-8F32-0CC8E7565705}") = "FSharpCode", "FSharpCode\FSharpCode.fsproj", "{6F47AA68-EA9D-4D2F-86B6-544796CDFAF3}"
EndProject
Project("{9A19103F-16F7-4668-BE54-9A1E7A4F7556}") = "CSharpApp", "CSharpApp\CSharpApp.csproj", "{CD4D425B-D078-4B43-9383-049297404F15}"
EndProject
Global
	GlobalSection(SolutionConfigurationPlatforms) = preSolution
		Debug|Any CPU = Debug|Any CPU
		Release|Any CPU = Release|Any CPU
	EndGlobalSection
	GlobalSection(ProjectConfigurationPlatforms) = postSolution
		{6F47AA68-EA9D-4D2F-86B6-544796CDFAF3}.Debug|Any CPU.ActiveCfg = Debug|Any CPU
		{6F47AA68-EA9D-4D2F-86B6-544796CDFAF3}.Debug|Any CPU.Build.0 = Debug|Any CPU
		{6F47AA68-EA9D-4D2F-86B6-544796CDFAF3}.Release|Any CPU.ActiveCfg = Release|Any CPU
		{6F47AA68-EA9D-4D2F-86B6-544796CDFAF3}.Release|Any CPU.Build.0 = Release|Any CPU
		{CD4D425B-D078-4B43-9383-049297404F15}.Debug|Any CPU.ActiveCfg = Debug|Any CPU
		{CD4D425B-D078-4B43-9383-049297404F15}.Debug|Any CPU.Build.0 = Debug|Any CPU
		{CD4D425B-D078-4B43-9383-049297404F15}.Release|Any CPU.ActiveCfg = Release|Any CPU
		{CD4D425B-D078-4B43-9383-049297404F15}.Release|Any CPU.Build.0 = Release|Any CPU
	EndGlobalSection
	GlobalSection(SolutionProperties) = preSolution
		HideSolutionNode = FALSE
	EndGlobalSection
	GlobalSection(ExtensibilityGlobals) = postSolution
		SolutionGuid = {9C098427-C98E-45BA-B15A-FF25A3B3644A}
	EndGlobalSection
EndGlobal
