
Microsoft Visual Studio Solution File, Format Version 12.00
# Visual Studio 15
VisualStudioVersion = 15.0.27703.2047
MinimumVisualStudioVersion = 10.0.40219.1
Project("{6EC3EE1D-3C4E-46DD-8F32-0CC8E7565705}") = "Capstone2", "Capstone2.fsproj", "{317F85CD-C879-4034-88D9-5046236BDC23}"
EndProject
Global
	GlobalSection(SolutionConfigurationPlatforms) = preSolution
		Debug|Any CPU = Debug|Any CPU
		Release|Any CPU = Release|Any CPU
	EndGlobalSection
	GlobalSection(ProjectConfigurationPlatforms) = postSolution
		{317F85CD-C879-4034-88D9-5046236BDC23}.Debug|Any CPU.ActiveCfg = Debug|Any CPU
		{317F85CD-C879-4034-88D9-5046236BDC23}.Debug|Any CPU.Build.0 = Debug|Any CPU
		{317F85CD-C879-4034-88D9-5046236BDC23}.Release|Any CPU.ActiveCfg = Release|Any CPU
		{317F85CD-C879-4034-88D9-5046236BDC23}.Release|Any CPU.Build.0 = Release|Any CPU
	EndGlobalSection
	GlobalSection(SolutionProperties) = preSolution
		HideSolutionNode = FALSE
	EndGlobalSection
	GlobalSection(ExtensibilityGlobals) = postSolution
		SolutionGuid = {E7BAC5C6-6CEC-485F-906A-B3C14FA29678}
	EndGlobalSection
EndGlobal
