
Microsoft Visual Studio Solution File, Format Version 12.00
# Visual Studio 15
VisualStudioVersion = 15.0.27703.2047
MinimumVisualStudioVersion = 10.0.40219.1
Project("{6EC3EE1D-3C4E-46DD-8F32-0CC8E7565705}") = "FSharpProject", "FSharpProject\FSharpProject.fsproj", "{533D6E67-FAEE-4146-9076-560A44EE1457}"
EndProject
Project("{9A19103F-16F7-4668-BE54-9A1E7A4F7556}") = "CSharpProject", "CSharpProject\CSharpProject.csproj", "{FEE393EB-FDA5-4D32-BD93-CF1D062CD0DA}"
EndProject
Global
	GlobalSection(SolutionConfigurationPlatforms) = preSolution
		Debug|Any CPU = Debug|Any CPU
		Release|Any CPU = Release|Any CPU
	EndGlobalSection
	GlobalSection(ProjectConfigurationPlatforms) = postSolution
		{533D6E67-FAEE-4146-9076-560A44EE1457}.Debug|Any CPU.ActiveCfg = Debug|Any CPU
		{533D6E67-FAEE-4146-9076-560A44EE1457}.Debug|Any CPU.Build.0 = Debug|Any CPU
		{533D6E67-FAEE-4146-9076-560A44EE1457}.Release|Any CPU.ActiveCfg = Release|Any CPU
		{533D6E67-FAEE-4146-9076-560A44EE1457}.Release|Any CPU.Build.0 = Release|Any CPU
		{FEE393EB-FDA5-4D32-BD93-CF1D062CD0DA}.Debug|Any CPU.ActiveCfg = Debug|Any CPU
		{FEE393EB-FDA5-4D32-BD93-CF1D062CD0DA}.Debug|Any CPU.Build.0 = Debug|Any CPU
		{FEE393EB-FDA5-4D32-BD93-CF1D062CD0DA}.Release|Any CPU.ActiveCfg = Release|Any CPU
		{FEE393EB-FDA5-4D32-BD93-CF1D062CD0DA}.Release|Any CPU.Build.0 = Release|Any CPU
	EndGlobalSection
	GlobalSection(SolutionProperties) = preSolution
		HideSolutionNode = FALSE
	EndGlobalSection
	GlobalSection(ExtensibilityGlobals) = postSolution
		SolutionGuid = {B564253E-EDA1-4D96-A6A5-D8E3D3DF9BEA}
	EndGlobalSection
EndGlobal
