
Microsoft Visual Studio Solution File, Format Version 12.00
# Visual Studio 14
VisualStudioVersion = 14.0.25420.1
MinimumVisualStudioVersion = 10.0.40219.1
Project("{F2A71F9B-5D33-465A-A702-920D77279786}") = "Capstone1", "Capstone1.fsproj", "{89D2850F-097B-4D17-9AC2-C08591A97F56}"
EndProject
Global
	GlobalSection(SolutionConfigurationPlatforms) = preSolution
		Debug|Any CPU = Debug|Any CPU
		Release|Any CPU = Release|Any CPU
	EndGlobalSection
	GlobalSection(ProjectConfigurationPlatforms) = postSolution
		{89D2850F-097B-4D17-9AC2-C08591A97F56}.Debug|Any CPU.ActiveCfg = Debug|Any CPU
		{89D2850F-097B-4D17-9AC2-C08591A97F56}.Debug|Any CPU.Build.0 = Debug|Any CPU
		{89D2850F-097B-4D17-9AC2-C08591A97F56}.Release|Any CPU.ActiveCfg = Release|Any CPU
		{89D2850F-097B-4D17-9AC2-C08591A97F56}.Release|Any CPU.Build.0 = Release|Any CPU
	EndGlobalSection
	GlobalSection(SolutionProperties) = preSolution
		HideSolutionNode = FALSE
	EndGlobalSection
EndGlobal
