
Microsoft Visual Studio Solution File, Format Version 12.00
# Visual Studio 15
VisualStudioVersion = 15.0.27703.2047
MinimumVisualStudioVersion = 10.0.40219.1
Project("{6EC3EE1D-3C4E-46DD-8F32-0CC8E7565705}") = "Capstone3", "Capstone3.fsproj", "{76F9A606-EEA5-46AD-B752-F6F4A4176BA1}"
EndProject
Global
	GlobalSection(SolutionConfigurationPlatforms) = preSolution
		Debug|Any CPU = Debug|Any CPU
		Release|Any CPU = Release|Any CPU
	EndGlobalSection
	GlobalSection(ProjectConfigurationPlatforms) = postSolution
		{76F9A606-EEA5-46AD-B752-F6F4A4176BA1}.Debug|Any CPU.ActiveCfg = Debug|Any CPU
		{76F9A606-EEA5-46AD-B752-F6F4A4176BA1}.Debug|Any CPU.Build.0 = Debug|Any CPU
		{76F9A606-EEA5-46AD-B752-F6F4A4176BA1}.Release|Any CPU.ActiveCfg = Release|Any CPU
		{76F9A606-EEA5-46AD-B752-F6F4A4176BA1}.Release|Any CPU.Build.0 = Release|Any CPU
	EndGlobalSection
	GlobalSection(SolutionProperties) = preSolution
		HideSolutionNode = FALSE
	EndGlobalSection
	GlobalSection(ExtensibilityGlobals) = postSolution
		SolutionGuid = {A1A3E95C-D6EC-48B9-AB21-2687C74F5A25}
	EndGlobalSection
EndGlobal
